// !$*UTF8*$!
{
	archiveVersion = 1;
	classes = {
	};
	objectVersion = 56;
	objects = {

/* Begin PBXBuildFile section */
		22074AF42A28D36000D838FE /* SettingsView.swift in Sources */ = {isa = PBXBuildFile; fileRef = 22074AF32A28D36000D838FE /* SettingsView.swift */; };
		22263B2E2A30395C005CFAD1 /* AnimatedTextView.swift in Sources */ = {isa = PBXBuildFile; fileRef = 22263B2D2A30395C005CFAD1 /* AnimatedTextView.swift */; };
		22268C7E2A2BDBD800DE3AFC /* TypewriterEffectTest.swift in Sources */ = {isa = PBXBuildFile; fileRef = 22268C7D2A2BDBD800DE3AFC /* TypewriterEffectTest.swift */; };
		22268C822A2BE5C900DE3AFC /* TypewriterEffectTest2.swift in Sources */ = {isa = PBXBuildFile; fileRef = 22268C812A2BE5C900DE3AFC /* TypewriterEffectTest2.swift */; };
		223DE01A2A2A3A1500F8EDC5 /* CompletionMeterView.swift in Sources */ = {isa = PBXBuildFile; fileRef = 223DE0192A2A3A1500F8EDC5 /* CompletionMeterView.swift */; };
		223DE01E2A2BB1B400F8EDC5 /* NarrativesAndChoicesView.swift in Sources */ = {isa = PBXBuildFile; fileRef = 223DE01D2A2BB1B400F8EDC5 /* NarrativesAndChoicesView.swift */; };
		2267536A2A28E6B000130C69 /* ButtonStyleViewModifier.swift in Sources */ = {isa = PBXBuildFile; fileRef = 226753692A28E6B000130C69 /* ButtonStyleViewModifier.swift */; };
		22891C012A32075D0072A3B1 /* SpeedSliderView.swift in Sources */ = {isa = PBXBuildFile; fileRef = 22891C002A32075D0072A3B1 /* SpeedSliderView.swift */; };
		22CEAB852A25AA8B009F5C58 /* CulminatingTestingApp.swift in Sources */ = {isa = PBXBuildFile; fileRef = 22CEAB842A25AA8B009F5C58 /* CulminatingTestingApp.swift */; };
		22CEAB872A25AA8B009F5C58 /* GamingView.swift in Sources */ = {isa = PBXBuildFile; fileRef = 22CEAB862A25AA8B009F5C58 /* GamingView.swift */; };
		22CEAB892A25AA8C009F5C58 /* Assets.xcassets in Resources */ = {isa = PBXBuildFile; fileRef = 22CEAB882A25AA8C009F5C58 /* Assets.xcassets */; };
		22CEAB8C2A25AA8C009F5C58 /* Preview Assets.xcassets in Resources */ = {isa = PBXBuildFile; fileRef = 22CEAB8B2A25AA8C009F5C58 /* Preview Assets.xcassets */; };
/* End PBXBuildFile section */

/* Begin PBXFileReference section */
		22074AF32A28D36000D838FE /* SettingsView.swift */ = {isa = PBXFileReference; lastKnownFileType = sourcecode.swift; path = SettingsView.swift; sourceTree = "<group>"; };
		22263B2D2A30395C005CFAD1 /* AnimatedTextView.swift */ = {isa = PBXFileReference; lastKnownFileType = sourcecode.swift; path = AnimatedTextView.swift; sourceTree = "<group>"; };
		22268C7D2A2BDBD800DE3AFC /* TypewriterEffectTest.swift */ = {isa = PBXFileReference; lastKnownFileType = sourcecode.swift; path = TypewriterEffectTest.swift; sourceTree = "<group>"; };
		22268C812A2BE5C900DE3AFC /* TypewriterEffectTest2.swift */ = {isa = PBXFileReference; lastKnownFileType = sourcecode.swift; path = TypewriterEffectTest2.swift; sourceTree = "<group>"; };
		223DE0192A2A3A1500F8EDC5 /* CompletionMeterView.swift */ = {isa = PBXFileReference; lastKnownFileType = sourcecode.swift; path = CompletionMeterView.swift; sourceTree = "<group>"; };
		223DE01D2A2BB1B400F8EDC5 /* NarrativesAndChoicesView.swift */ = {isa = PBXFileReference; lastKnownFileType = sourcecode.swift; path = NarrativesAndChoicesView.swift; sourceTree = "<group>"; };
		226753692A28E6B000130C69 /* ButtonStyleViewModifier.swift */ = {isa = PBXFileReference; lastKnownFileType = sourcecode.swift; path = ButtonStyleViewModifier.swift; sourceTree = "<group>"; };
		22891C002A32075D0072A3B1 /* SpeedSliderView.swift */ = {isa = PBXFileReference; lastKnownFileType = sourcecode.swift; path = SpeedSliderView.swift; sourceTree = "<group>"; };
		22CEAB812A25AA8B009F5C58 /* CulminatingTesting.app */ = {isa = PBXFileReference; explicitFileType = wrapper.application; includeInIndex = 0; path = CulminatingTesting.app; sourceTree = BUILT_PRODUCTS_DIR; };
		22CEAB842A25AA8B009F5C58 /* CulminatingTestingApp.swift */ = {isa = PBXFileReference; lastKnownFileType = sourcecode.swift; path = CulminatingTestingApp.swift; sourceTree = "<group>"; };
		22CEAB862A25AA8B009F5C58 /* GamingView.swift */ = {isa = PBXFileReference; lastKnownFileType = sourcecode.swift; path = GamingView.swift; sourceTree = "<group>"; };
		22CEAB882A25AA8C009F5C58 /* Assets.xcassets */ = {isa = PBXFileReference; lastKnownFileType = folder.assetcatalog; path = Assets.xcassets; sourceTree = "<group>"; };
		22CEAB8B2A25AA8C009F5C58 /* Preview Assets.xcassets */ = {isa = PBXFileReference; lastKnownFileType = folder.assetcatalog; path = "Preview Assets.xcassets"; sourceTree = "<group>"; };
/* End PBXFileReference section */

/* Begin PBXFrameworksBuildPhase section */
		22CEAB7E2A25AA8B009F5C58 /* Frameworks */ = {
			isa = PBXFrameworksBuildPhase;
			buildActionMask = 2147483647;
			files = (
			);
			runOnlyForDeploymentPostprocessing = 0;
		};
/* End PBXFrameworksBuildPhase section */

/* Begin PBXGroup section */
		22CEAB782A25AA8B009F5C58 = {
			isa = PBXGroup;
			children = (
				22CEAB832A25AA8B009F5C58 /* CulminatingTesting */,
				22CEAB822A25AA8B009F5C58 /* Products */,
			);
			sourceTree = "<group>";
		};
		22CEAB822A25AA8B009F5C58 /* Products */ = {
			isa = PBXGroup;
			children = (
				22CEAB812A25AA8B009F5C58 /* CulminatingTesting.app */,
			);
			name = Products;
			sourceTree = "<group>";
		};
		22CEAB832A25AA8B009F5C58 /* CulminatingTesting */ = {
			isa = PBXGroup;
			children = (
				22CEAB842A25AA8B009F5C58 /* CulminatingTestingApp.swift */,
				22CEAB862A25AA8B009F5C58 /* GamingView.swift */,
				223DE01D2A2BB1B400F8EDC5 /* NarrativesAndChoicesView.swift */,
				223DE0192A2A3A1500F8EDC5 /* CompletionMeterView.swift */,
				22074AF32A28D36000D838FE /* SettingsView.swift */,
				226753692A28E6B000130C69 /* ButtonStyleViewModifier.swift */,
				22268C7D2A2BDBD800DE3AFC /* TypewriterEffectTest.swift */,
				22268C812A2BE5C900DE3AFC /* TypewriterEffectTest2.swift */,
				22263B2D2A30395C005CFAD1 /* AnimatedTextView.swift */,
				22891C002A32075D0072A3B1 /* SpeedSliderView.swift */,
				22CEAB882A25AA8C009F5C58 /* Assets.xcassets */,
				22CEAB8A2A25AA8C009F5C58 /* Preview Content */,
			);
			path = CulminatingTesting;
			sourceTree = "<group>";
		};
		22CEAB8A2A25AA8C009F5C58 /* Preview Content */ = {
			isa = PBXGroup;
			children = (
				22CEAB8B2A25AA8C009F5C58 /* Preview Assets.xcassets */,
			);
			path = "Preview Content";
			sourceTree = "<group>";
		};
/* End PBXGroup section */

/* Begin PBXNativeTarget section */
		22CEAB802A25AA8B009F5C58 /* CulminatingTesting */ = {
			isa = PBXNativeTarget;
			buildConfigurationList = 22CEAB8F2A25AA8C009F5C58 /* Build configuration list for PBXNativeTarget "CulminatingTesting" */;
			buildPhases = (
				22CEAB7D2A25AA8B009F5C58 /* Sources */,
				22CEAB7E2A25AA8B009F5C58 /* Frameworks */,
				22CEAB7F2A25AA8B009F5C58 /* Resources */,
			);
			buildRules = (
			);
			dependencies = (
			);
			name = CulminatingTesting;
			productName = CulminatingTesting;
			productReference = 22CEAB812A25AA8B009F5C58 /* CulminatingTesting.app */;
			productType = "com.apple.product-type.application";
		};
/* End PBXNativeTarget section */

/* Begin PBXProject section */
		22CEAB792A25AA8B009F5C58 /* Project object */ = {
			isa = PBXProject;
			attributes = {
				BuildIndependentTargetsInParallel = 1;
				LastSwiftUpdateCheck = 1430;
				LastUpgradeCheck = 1430;
				TargetAttributes = {
					22CEAB802A25AA8B009F5C58 = {
						CreatedOnToolsVersion = 14.3;
					};
				};
			};
			buildConfigurationList = 22CEAB7C2A25AA8B009F5C58 /* Build configuration list for PBXProject "CulminatingTesting" */;
			compatibilityVersion = "Xcode 14.0";
			developmentRegion = en;
			hasScannedForEncodings = 0;
			knownRegions = (
				en,
				Base,
			);
			mainGroup = 22CEAB782A25AA8B009F5C58;
			productRefGroup = 22CEAB822A25AA8B009F5C58 /* Products */;
			projectDirPath = "";
			projectRoot = "";
			targets = (
				22CEAB802A25AA8B009F5C58 /* CulminatingTesting */,
			);
		};
/* End PBXProject section */

/* Begin PBXResourcesBuildPhase section */
		22CEAB7F2A25AA8B009F5C58 /* Resources */ = {
			isa = PBXResourcesBuildPhase;
			buildActionMask = 2147483647;
			files = (
				22CEAB8C2A25AA8C009F5C58 /* Preview Assets.xcassets in Resources */,
				22CEAB892A25AA8C009F5C58 /* Assets.xcassets in Resources */,
			);
			runOnlyForDeploymentPostprocessing = 0;
		};
/* End PBXResourcesBuildPhase section */

/* Begin PBXSourcesBuildPhase section */
		22CEAB7D2A25AA8B009F5C58 /* Sources */ = {
			isa = PBXSourcesBuildPhase;
			buildActionMask = 2147483647;
			files = (
				22263B2E2A30395C005CFAD1 /* AnimatedTextView.swift in Sources */,
				223DE01E2A2BB1B400F8EDC5 /* NarrativesAndChoicesView.swift in Sources */,
				22074AF42A28D36000D838FE /* SettingsView.swift in Sources */,
				22CEAB872A25AA8B009F5C58 /* GamingView.swift in Sources */,
				22268C7E2A2BDBD800DE3AFC /* TypewriterEffectTest.swift in Sources */,
				22891C012A32075D0072A3B1 /* SpeedSliderView.swift in Sources */,
				22268C822A2BE5C900DE3AFC /* TypewriterEffectTest2.swift in Sources */,
				22CEAB852A25AA8B009F5C58 /* CulminatingTestingApp.swift in Sources */,
				223DE01A2A2A3A1500F8EDC5 /* CompletionMeterView.swift in Sources */,
				2267536A2A28E6B000130C69 /* ButtonStyleViewModifier.swift in Sources */,
			);
			runOnlyForDeploymentPostprocessing = 0;
		};
/* End PBXSourcesBuildPhase section */

/* Begin XCBuildConfiguration section */
		22CEAB8D2A25AA8C009F5C58 /* Debug */ = {
			isa = XCBuildConfiguration;
			buildSettings = {
				ALWAYS_SEARCH_USER_PATHS = NO;
				CLANG_ANALYZER_NONNULL = YES;
				CLANG_ANALYZER_NUMBER_OBJECT_CONVERSION = YES_AGGRESSIVE;
				CLANG_CXX_LANGUAGE_STANDARD = "gnu++20";
				CLANG_ENABLE_MODULES = YES;
				CLANG_ENABLE_OBJC_ARC = YES;
				CLANG_ENABLE_OBJC_WEAK = YES;
				CLANG_WARN_BLOCK_CAPTURE_AUTORELEASING = YES;
				CLANG_WARN_BOOL_CONVERSION = YES;
				CLANG_WARN_COMMA = YES;
				CLANG_WARN_CONSTANT_CONVERSION = YES;
				CLANG_WARN_DEPRECATED_OBJC_IMPLEMENTATIONS = YES;
				CLANG_WARN_DIRECT_OBJC_ISA_USAGE = YES_ERROR;
				CLANG_WARN_DOCUMENTATION_COMMENTS = YES;
				CLANG_WARN_EMPTY_BODY = YES;
				CLANG_WARN_ENUM_CONVERSION = YES;
				CLANG_WARN_INFINITE_RECURSION = YES;
				CLANG_WARN_INT_CONVERSION = YES;
				CLANG_WARN_NON_LITERAL_NULL_CONVERSION = YES;
				CLANG_WARN_OBJC_IMPLICIT_RETAIN_SELF = YES;
				CLANG_WARN_OBJC_LITERAL_CONVERSION = YES;
				CLANG_WARN_OBJC_ROOT_CLASS = YES_ERROR;
				CLANG_WARN_QUOTED_INCLUDE_IN_FRAMEWORK_HEADER = YES;
				CLANG_WARN_RANGE_LOOP_ANALYSIS = YES;
				CLANG_WARN_STRICT_PROTOTYPES = YES;
				CLANG_WARN_SUSPICIOUS_MOVE = YES;
				CLANG_WARN_UNGUARDED_AVAILABILITY = YES_AGGRESSIVE;
				CLANG_WARN_UNREACHABLE_CODE = YES;
				CLANG_WARN__DUPLICATE_METHOD_MATCH = YES;
				COPY_PHASE_STRIP = NO;
				DEBUG_INFORMATION_FORMAT = dwarf;
				ENABLE_STRICT_OBJC_MSGSEND = YES;
				ENABLE_TESTABILITY = YES;
				GCC_C_LANGUAGE_STANDARD = gnu11;
				GCC_DYNAMIC_NO_PIC = NO;
				GCC_NO_COMMON_BLOCKS = YES;
				GCC_OPTIMIZATION_LEVEL = 0;
				GCC_PREPROCESSOR_DEFINITIONS = (
					"DEBUG=1",
					"$(inherited)",
				);
				GCC_WARN_64_TO_32_BIT_CONVERSION = YES;
				GCC_WARN_ABOUT_RETURN_TYPE = YES_ERROR;
				GCC_WARN_UNDECLARED_SELECTOR = YES;
				GCC_WARN_UNINITIALIZED_AUTOS = YES_AGGRESSIVE;
				GCC_WARN_UNUSED_FUNCTION = YES;
				GCC_WARN_UNUSED_VARIABLE = YES;
				IPHONEOS_DEPLOYMENT_TARGET = 16.4;
				MTL_ENABLE_DEBUG_INFO = INCLUDE_SOURCE;
				MTL_FAST_MATH = YES;
				ONLY_ACTIVE_ARCH = YES;
				SDKROOT = iphoneos;
				SWIFT_ACTIVE_COMPILATION_CONDITIONS = DEBUG;
				SWIFT_OPTIMIZATION_LEVEL = "-Onone";
			};
			name = Debug;
		};
		22CEAB8E2A25AA8C009F5C58 /* Release */ = {
			isa = XCBuildConfiguration;
			buildSettings = {
				ALWAYS_SEARCH_USER_PATHS = NO;
				CLANG_ANALYZER_NONNULL = YES;
				CLANG_ANALYZER_NUMBER_OBJECT_CONVERSION = YES_AGGRESSIVE;
				CLANG_CXX_LANGUAGE_STANDARD = "gnu++20";
				CLANG_ENABLE_MODULES = YES;
				CLANG_ENABLE_OBJC_ARC = YES;
				CLANG_ENABLE_OBJC_WEAK = YES;
				CLANG_WARN_BLOCK_CAPTURE_AUTORELEASING = YES;
				CLANG_WARN_BOOL_CONVERSION = YES;
				CLANG_WARN_COMMA = YES;
				CLANG_WARN_CONSTANT_CONVERSION = YES;
				CLANG_WARN_DEPRECATED_OBJC_IMPLEMENTATIONS = YES;
				CLANG_WARN_DIRECT_OBJC_ISA_USAGE = YES_ERROR;
				CLANG_WARN_DOCUMENTATION_COMMENTS = YES;
				CLANG_WARN_EMPTY_BODY = YES;
				CLANG_WARN_ENUM_CONVERSION = YES;
				CLANG_WARN_INFINITE_RECURSION = YES;
				CLANG_WARN_INT_CONVERSION = YES;
				CLANG_WARN_NON_LITERAL_NULL_CONVERSION = YES;
				CLANG_WARN_OBJC_IMPLICIT_RETAIN_SELF = YES;
				CLANG_WARN_OBJC_LITERAL_CONVERSION = YES;
				CLANG_WARN_OBJC_ROOT_CLASS = YES_ERROR;
				CLANG_WARN_QUOTED_INCLUDE_IN_FRAMEWORK_HEADER = YES;
				CLANG_WARN_RANGE_LOOP_ANALYSIS = YES;
				CLANG_WARN_STRICT_PROTOTYPES = YES;
				CLANG_WARN_SUSPICIOUS_MOVE = YES;
				CLANG_WARN_UNGUARDED_AVAILABILITY = YES_AGGRESSIVE;
				CLANG_WARN_UNREACHABLE_CODE = YES;
				CLANG_WARN__DUPLICATE_METHOD_MATCH = YES;
				COPY_PHASE_STRIP = NO;
				DEBUG_INFORMATION_FORMAT = "dwarf-with-dsym";
				ENABLE_NS_ASSERTIONS = NO;
				ENABLE_STRICT_OBJC_MSGSEND = YES;
				GCC_C_LANGUAGE_STANDARD = gnu11;
				GCC_NO_COMMON_BLOCKS = YES;
				GCC_WARN_64_TO_32_BIT_CONVERSION = YES;
				GCC_WARN_ABOUT_RETURN_TYPE = YES_ERROR;
				GCC_WARN_UNDECLARED_SELECTOR = YES;
				GCC_WARN_UNINITIALIZED_AUTOS = YES_AGGRESSIVE;
				GCC_WARN_UNUSED_FUNCTION = YES;
				GCC_WARN_UNUSED_VARIABLE = YES;
				IPHONEOS_DEPLOYMENT_TARGET = 16.4;
				MTL_ENABLE_DEBUG_INFO = NO;
				MTL_FAST_MATH = YES;
				SDKROOT = iphoneos;
				SWIFT_COMPILATION_MODE = wholemodule;
				SWIFT_OPTIMIZATION_LEVEL = "-O";
				VALIDATE_PRODUCT = YES;
			};
			name = Release;
		};
		22CEAB902A25AA8C009F5C58 /* Debug */ = {
			isa = XCBuildConfiguration;
			buildSettings = {
				ASSETCATALOG_COMPILER_APPICON_NAME = AppIcon;
				ASSETCATALOG_COMPILER_GLOBAL_ACCENT_COLOR_NAME = AccentColor;
				CODE_SIGN_STYLE = Automatic;
				CURRENT_PROJECT_VERSION = 1;
				DEVELOPMENT_ASSET_PATHS = "\"CulminatingTesting/Preview Content\"";
				DEVELOPMENT_TEAM = F5N3N4V2WZ;
				ENABLE_PREVIEWS = YES;
				GENERATE_INFOPLIST_FILE = YES;
				INFOPLIST_KEY_UIApplicationSceneManifest_Generation = YES;
				INFOPLIST_KEY_UIApplicationSupportsIndirectInputEvents = YES;
				INFOPLIST_KEY_UILaunchScreen_Generation = YES;
				INFOPLIST_KEY_UISupportedInterfaceOrientations_iPad = "UIInterfaceOrientationPortrait UIInterfaceOrientationPortraitUpsideDown UIInterfaceOrientationLandscapeLeft UIInterfaceOrientationLandscapeRight";
				INFOPLIST_KEY_UISupportedInterfaceOrientations_iPhone = "UIInterfaceOrientationPortrait UIInterfaceOrientationLandscapeLeft UIInterfaceOrientationLandscapeRight";
				LD_RUNPATH_SEARCH_PATHS = (
					"$(inherited)",
					"@executable_path/Frameworks",
				);
				MARKETING_VERSION = 1.0;
				PRODUCT_BUNDLE_IDENTIFIER = ca.judyyu.CulminatingTesting;
				PRODUCT_NAME = "$(TARGET_NAME)";
				SWIFT_EMIT_LOC_STRINGS = YES;
				SWIFT_VERSION = 5.0;
				TARGETED_DEVICE_FAMILY = "1,2";
			};
			name = Debug;
		};
		22CEAB912A25AA8C009F5C58 /* Release */ = {
			isa = XCBuildConfiguration;
			buildSettings = {
				ASSETCATALOG_COMPILER_APPICON_NAME = AppIcon;
				ASSETCATALOG_COMPILER_GLOBAL_ACCENT_COLOR_NAME = AccentColor;
				CODE_SIGN_STYLE = Automatic;
				CURRENT_PROJECT_VERSION = 1;
				DEVELOPMENT_ASSET_PATHS = "\"CulminatingTesting/Preview Content\"";
				DEVELOPMENT_TEAM = F5N3N4V2WZ;
				ENABLE_PREVIEWS = YES;
				GENERATE_INFOPLIST_FILE = YES;
				INFOPLIST_KEY_UIApplicationSceneManifest_Generation = YES;
				INFOPLIST_KEY_UIApplicationSupportsIndirectInputEvents = YES;
				INFOPLIST_KEY_UILaunchScreen_Generation = YES;
				INFOPLIST_KEY_UISupportedInterfaceOrientations_iPad = "UIInterfaceOrientationPortrait UIInterfaceOrientationPortraitUpsideDown UIInterfaceOrientationLandscapeLeft UIInterfaceOrientationLandscapeRight";
				INFOPLIST_KEY_UISupportedInterfaceOrientations_iPhone = "UIInterfaceOrientationPortrait UIInterfaceOrientationLandscapeLeft UIInterfaceOrientationLandscapeRight";
				LD_RUNPATH_SEARCH_PATHS = (
					"$(inherited)",
					"@executable_path/Frameworks",
				);
				MARKETING_VERSION = 1.0;
				PRODUCT_BUNDLE_IDENTIFIER = ca.judyyu.CulminatingTesting;
				PRODUCT_NAME = "$(TARGET_NAME)";
				SWIFT_EMIT_LOC_STRINGS = YES;
				SWIFT_VERSION = 5.0;
				TARGETED_DEVICE_FAMILY = "1,2";
			};
			name = Release;
		};
/* End XCBuildConfiguration section */

/* Begin XCConfigurationList section */
		22CEAB7C2A25AA8B009F5C58 /* Build configuration list for PBXProject "CulminatingTesting" */ = {
			isa = XCConfigurationList;
			buildConfigurations = (
				22CEAB8D2A25AA8C009F5C58 /* Debug */,
				22CEAB8E2A25AA8C009F5C58 /* Release */,
			);
			defaultConfigurationIsVisible = 0;
			defaultConfigurationName = Release;
		};
		22CEAB8F2A25AA8C009F5C58 /* Build configuration list for PBXNativeTarget "CulminatingTesting" */ = {
			isa = XCConfigurationList;
			buildConfigurations = (
				22CEAB902A25AA8C009F5C58 /* Debug */,
				22CEAB912A25AA8C009F5C58 /* Release */,
			);
			defaultConfigurationIsVisible = 0;
			defaultConfigurationName = Release;
		};
/* End XCConfigurationList section */
	};
	rootObject = 22CEAB792A25AA8B009F5C58 /* Project object */;
}
